// !$*UTF8*$!
{
	archiveVersion = 1;
	classes = {
	};
	objectVersion = 50;
	objects = {

/* Begin PBXBuildFile section */
		630476C72711FAF700B790A0 /* LifeViewController.m in Sources */ = {isa = PBXBuildFile; fileRef = 630476C52711FAF700B790A0 /* LifeViewController.m */; };
		630476CD2711FE8A00B790A0 /* NSImage+Extras.m in Sources */ = {isa = PBXBuildFile; fileRef = 630476CC2711FE8A00B790A0 /* NSImage+Extras.m */; };
		630476D1271201AC00B790A0 /* NSColor+Extras.m in Sources */ = {isa = PBXBuildFile; fileRef = 630476D0271201AC00B790A0 /* NSColor+Extras.m */; };
		63E905AF270FB07200102559 /* AppDelegate.m in Sources */ = {isa = PBXBuildFile; fileRef = 63E905AE270FB07200102559 /* AppDelegate.m */; };
		63E905B1270FB07900102559 /* Assets.xcassets in Resources */ = {isa = PBXBuildFile; fileRef = 63E905B0270FB07900102559 /* Assets.xcassets */; };
		63E905B4270FB07900102559 /* MainMenu.xib in Resources */ = {isa = PBXBuildFile; fileRef = 63E905B2270FB07900102559 /* MainMenu.xib */; };
		63E905B7270FB07900102559 /* main.m in Sources */ = {isa = PBXBuildFile; fileRef = 63E905B6270FB07900102559 /* main.m */; };
		63E905C6270FB1B900102559 /* LifeView.m in Sources */ = {isa = PBXBuildFile; fileRef = 63E905C5270FB1B900102559 /* LifeView.m */; };
/* End PBXBuildFile section */

/* Begin PBXFileReference section */
		630476C42711FAF700B790A0 /* LifeViewController.h */ = {isa = PBXFileReference; lastKnownFileType = sourcecode.c.h; path = LifeViewController.h; sourceTree = "<group>"; };
		630476C52711FAF700B790A0 /* LifeViewController.m */ = {isa = PBXFileReference; lastKnownFileType = sourcecode.c.objc; path = LifeViewController.m; sourceTree = "<group>"; };
		630476CB2711FE8A00B790A0 /* NSImage+Extras.h */ = {isa = PBXFileReference; lastKnownFileType = sourcecode.c.h; path = "NSImage+Extras.h"; sourceTree = "<group>"; };
		630476CC2711FE8A00B790A0 /* NSImage+Extras.m */ = {isa = PBXFileReference; lastKnownFileType = sourcecode.c.objc; path = "NSImage+Extras.m"; sourceTree = "<group>"; };
		630476CF271201AC00B790A0 /* NSColor+Extras.h */ = {isa = PBXFileReference; lastKnownFileType = sourcecode.c.h; path = "NSColor+Extras.h"; sourceTree = "<group>"; };
		630476D0271201AC00B790A0 /* NSColor+Extras.m */ = {isa = PBXFileReference; lastKnownFileType = sourcecode.c.objc; path = "NSColor+Extras.m"; sourceTree = "<group>"; };
		63E905AA270FB07200102559 /* Life.app */ = {isa = PBXFileReference; explicitFileType = wrapper.application; includeInIndex = 0; path = Life.app; sourceTree = BUILT_PRODUCTS_DIR; };
		63E905AD270FB07200102559 /* AppDelegate.h */ = {isa = PBXFileReference; lastKnownFileType = sourcecode.c.h; path = AppDelegate.h; sourceTree = "<group>"; };
		63E905AE270FB07200102559 /* AppDelegate.m */ = {isa = PBXFileReference; lastKnownFileType = sourcecode.c.objc; path = AppDelegate.m; sourceTree = "<group>"; };
		63E905B0270FB07900102559 /* Assets.xcassets */ = {isa = PBXFileReference; lastKnownFileType = folder.assetcatalog; path = Assets.xcassets; sourceTree = "<group>"; };
		63E905B3270FB07900102559 /* Base */ = {isa = PBXFileReference; lastKnownFileType = file.xib; name = Base; path = Base.lproj/MainMenu.xib; sourceTree = "<group>"; };
		63E905B5270FB07900102559 /* Info.plist */ = {isa = PBXFileReference; lastKnownFileType = text.plist.xml; path = Info.plist; sourceTree = "<group>"; };
		63E905B6270FB07900102559 /* main.m */ = {isa = PBXFileReference; lastKnownFileType = sourcecode.c.objc; path = main.m; sourceTree = "<group>"; };
		63E905B8270FB07900102559 /* Life.entitlements */ = {isa = PBXFileReference; lastKnownFileType = text.plist.entitlements; path = Life.entitlements; sourceTree = "<group>"; };
		63E905C4270FB1B900102559 /* LifeView.h */ = {isa = PBXFileReference; fileEncoding = 4; lastKnownFileType = sourcecode.c.h; path = LifeView.h; sourceTree = "<group>"; };
		63E905C5270FB1B900102559 /* LifeView.m */ = {isa = PBXFileReference; fileEncoding = 4; lastKnownFileType = sourcecode.c.objc; path = LifeView.m; sourceTree = "<group>"; };
/* End PBXFileReference section */

/* Begin PBXFrameworksBuildPhase section */
		63E905A7270FB07200102559 /* Frameworks */ = {
			isa = PBXFrameworksBuildPhase;
			buildActionMask = 2147483647;
			files = (
			);
			runOnlyForDeploymentPostprocessing = 0;
		};
/* End PBXFrameworksBuildPhase section */

/* Begin PBXGroup section */
		63E905A1270FB07200102559 = {
			isa = PBXGroup;
			children = (
				63E905AC270FB07200102559 /* Life */,
				63E905AB270FB07200102559 /* Products */,
			);
			sourceTree = "<group>";
		};
		63E905AB270FB07200102559 /* Products */ = {
			isa = PBXGroup;
			children = (
				63E905AA270FB07200102559 /* Life.app */,
			);
			name = Products;
			sourceTree = "<group>";
		};
		63E905AC270FB07200102559 /* Life */ = {
			isa = PBXGroup;
			children = (
				63E905AD270FB07200102559 /* AppDelegate.h */,
				63E905AE270FB07200102559 /* AppDelegate.m */,
				630476C42711FAF700B790A0 /* LifeViewController.h */,
				630476C52711FAF700B790A0 /* LifeViewController.m */,
				63E905C4270FB1B900102559 /* LifeView.h */,
				63E905C5270FB1B900102559 /* LifeView.m */,
				630476CB2711FE8A00B790A0 /* NSImage+Extras.h */,
				630476CC2711FE8A00B790A0 /* NSImage+Extras.m */,
				630476CF271201AC00B790A0 /* NSColor+Extras.h */,
				630476D0271201AC00B790A0 /* NSColor+Extras.m */,
				63E905B0270FB07900102559 /* Assets.xcassets */,
				63E905B2270FB07900102559 /* MainMenu.xib */,
				63E905B5270FB07900102559 /* Info.plist */,
				63E905B6270FB07900102559 /* main.m */,
				63E905B8270FB07900102559 /* Life.entitlements */,
			);
			path = Life;
			sourceTree = "<group>";
		};
/* End PBXGroup section */

/* Begin PBXNativeTarget section */
		63E905A9270FB07200102559 /* Life */ = {
			isa = PBXNativeTarget;
			buildConfigurationList = 63E905BB270FB07900102559 /* Build configuration list for PBXNativeTarget "Life" */;
			buildPhases = (
				63E905A6270FB07200102559 /* Sources */,
				63E905A7270FB07200102559 /* Frameworks */,
				63E905A8270FB07200102559 /* Resources */,
			);
			buildRules = (
			);
			dependencies = (
			);
			name = Life;
			productName = Life;
			productReference = 63E905AA270FB07200102559 /* Life.app */;
			productType = "com.apple.product-type.application";
		};
/* End PBXNativeTarget section */

/* Begin PBXProject section */
		63E905A2270FB07200102559 /* Project object */ = {
			isa = PBXProject;
			attributes = {
				LastUpgradeCheck = 1240;
				TargetAttributes = {
					63E905A9270FB07200102559 = {
						CreatedOnToolsVersion = 12.4;
					};
				};
			};
			buildConfigurationList = 63E905A5270FB07200102559 /* Build configuration list for PBXProject "Life" */;
			compatibilityVersion = "Xcode 9.3";
			developmentRegion = en;
			hasScannedForEncodings = 0;
			knownRegions = (
				en,
				Base,
			);
			mainGroup = 63E905A1270FB07200102559;
			productRefGroup = 63E905AB270FB07200102559 /* Products */;
			projectDirPath = "";
			projectRoot = "";
			targets = (
				63E905A9270FB07200102559 /* Life */,
			);
		};
/* End PBXProject section */

/* Begin PBXResourcesBuildPhase section */
		63E905A8270FB07200102559 /* Resources */ = {
			isa = PBXResourcesBuildPhase;
			buildActionMask = 2147483647;
			files = (
				63E905B1270FB07900102559 /* Assets.xcassets in Resources */,
				63E905B4270FB07900102559 /* MainMenu.xib in Resources */,
			);
			runOnlyForDeploymentPostprocessing = 0;
		};
/* End PBXResourcesBuildPhase section */

/* Begin PBXSourcesBuildPhase section */
		63E905A6270FB07200102559 /* Sources */ = {
			isa = PBXSourcesBuildPhase;
			buildActionMask = 2147483647;
			files = (
				630476D1271201AC00B790A0 /* NSColor+Extras.m in Sources */,
				63E905B7270FB07900102559 /* main.m in Sources */,
				630476C72711FAF700B790A0 /* LifeViewController.m in Sources */,
				63E905AF270FB07200102559 /* AppDelegate.m in Sources */,
				63E905C6270FB1B900102559 /* LifeView.m in Sources */,
				630476CD2711FE8A00B790A0 /* NSImage+Extras.m in Sources */,
			);
			runOnlyForDeploymentPostprocessing = 0;
		};
/* End PBXSourcesBuildPhase section */

/* Begin PBXVariantGroup section */
		63E905B2270FB07900102559 /* MainMenu.xib */ = {
			isa = PBXVariantGroup;
			children = (
				63E905B3270FB07900102559 /* Base */,
			);
			name = MainMenu.xib;
			sourceTree = "<group>";
		};
/* End PBXVariantGroup section */

/* Begin XCBuildConfiguration section */
		63E905B9270FB07900102559 /* Debug */ = {
			isa = XCBuildConfiguration;
			buildSettings = {
				ALWAYS_SEARCH_USER_PATHS = NO;
				CLANG_ANALYZER_NONNULL = YES;
				CLANG_ANALYZER_NUMBER_OBJECT_CONVERSION = YES_AGGRESSIVE;
				CLANG_CXX_LANGUAGE_STANDARD = "gnu++14";
				CLANG_CXX_LIBRARY = "libc++";
				CLANG_ENABLE_MODULES = YES;
				CLANG_ENABLE_OBJC_ARC = YES;
				CLANG_ENABLE_OBJC_WEAK = YES;
				CLANG_WARN_BLOCK_CAPTURE_AUTORELEASING = YES;
				CLANG_WARN_BOOL_CONVERSION = YES;
				CLANG_WARN_COMMA = YES;
				CLANG_WARN_CONSTANT_CONVERSION = YES;
				CLANG_WARN_DEPRECATED_OBJC_IMPLEMENTATIONS = YES;
				CLANG_WARN_DIRECT_OBJC_ISA_USAGE = YES_ERROR;
				CLANG_WARN_DOCUMENTATION_COMMENTS = YES;
				CLANG_WARN_EMPTY_BODY = YES;
				CLANG_WARN_ENUM_CONVERSION = YES;
				CLANG_WARN_INFINITE_RECURSION = YES;
				CLANG_WARN_INT_CONVERSION = YES;
				CLANG_WARN_NON_LITERAL_NULL_CONVERSION = YES;
				CLANG_WARN_OBJC_IMPLICIT_RETAIN_SELF = YES;
				CLANG_WARN_OBJC_LITERAL_CONVERSION = YES;
				CLANG_WARN_OBJC_ROOT_CLASS = YES_ERROR;
				CLANG_WARN_QUOTED_INCLUDE_IN_FRAMEWORK_HEADER = YES;
				CLANG_WARN_RANGE_LOOP_ANALYSIS = YES;
				CLANG_WARN_STRICT_PROTOTYPES = YES;
				CLANG_WARN_SUSPICIOUS_MOVE = YES;
				CLANG_WARN_UNGUARDED_AVAILABILITY = YES_AGGRESSIVE;
				CLANG_WARN_UNREACHABLE_CODE = YES;
				CLANG_WARN__DUPLICATE_METHOD_MATCH = YES;
				COPY_PHASE_STRIP = NO;
				DEBUG_INFORMATION_FORMAT = dwarf;
				ENABLE_STRICT_OBJC_MSGSEND = YES;
				ENABLE_TESTABILITY = YES;
				GCC_C_LANGUAGE_STANDARD = gnu11;
				GCC_DYNAMIC_NO_PIC = NO;
				GCC_NO_COMMON_BLOCKS = YES;
				GCC_OPTIMIZATION_LEVEL = 0;
				GCC_PREPROCESSOR_DEFINITIONS = (
					"DEBUG=1",
					"$(inherited)",
				);
				GCC_WARN_64_TO_32_BIT_CONVERSION = YES;
				GCC_WARN_ABOUT_RETURN_TYPE = YES_ERROR;
				GCC_WARN_UNDECLARED_SELECTOR = YES;
				GCC_WARN_UNINITIALIZED_AUTOS = YES_AGGRESSIVE;
				GCC_WARN_UNUSED_FUNCTION = YES;
				GCC_WARN_UNUSED_VARIABLE = YES;
				MACOSX_DEPLOYMENT_TARGET = 10.10;
				MTL_ENABLE_DEBUG_INFO = INCLUDE_SOURCE;
				MTL_FAST_MATH = YES;
				ONLY_ACTIVE_ARCH = YES;
				SDKROOT = macosx;
			};
			name = Debug;
		};
		63E905BA270FB07900102559 /* Release */ = {
			isa = XCBuildConfiguration;
			buildSettings = {
				ALWAYS_SEARCH_USER_PATHS = NO;
				CLANG_ANALYZER_NONNULL = YES;
				CLANG_ANALYZER_NUMBER_OBJECT_CONVERSION = YES_AGGRESSIVE;
				CLANG_CXX_LANGUAGE_STANDARD = "gnu++14";
				CLANG_CXX_LIBRARY = "libc++";
				CLANG_ENABLE_MODULES = YES;
				CLANG_ENABLE_OBJC_ARC = YES;
				CLANG_ENABLE_OBJC_WEAK = YES;
				CLANG_WARN_BLOCK_CAPTURE_AUTORELEASING = YES;
				CLANG_WARN_BOOL_CONVERSION = YES;
				CLANG_WARN_COMMA = YES;
				CLANG_WARN_CONSTANT_CONVERSION = YES;
				CLANG_WARN_DEPRECATED_OBJC_IMPLEMENTATIONS = YES;
				CLANG_WARN_DIRECT_OBJC_ISA_USAGE = YES_ERROR;
				CLANG_WARN_DOCUMENTATION_COMMENTS = YES;
				CLANG_WARN_EMPTY_BODY = YES;
				CLANG_WARN_ENUM_CONVERSION = YES;
				CLANG_WARN_INFINITE_RECURSION = YES;
				CLANG_WARN_INT_CONVERSION = YES;
				CLANG_WARN_NON_LITERAL_NULL_CONVERSION = YES;
				CLANG_WARN_OBJC_IMPLICIT_RETAIN_SELF = YES;
				CLANG_WARN_OBJC_LITERAL_CONVERSION = YES;
				CLANG_WARN_OBJC_ROOT_CLASS = YES_ERROR;
				CLANG_WARN_QUOTED_INCLUDE_IN_FRAMEWORK_HEADER = YES;
				CLANG_WARN_RANGE_LOOP_ANALYSIS = YES;
				CLANG_WARN_STRICT_PROTOTYPES = YES;
				CLANG_WARN_SUSPICIOUS_MOVE = YES;
				CLANG_WARN_UNGUARDED_AVAILABILITY = YES_AGGRESSIVE;
				CLANG_WARN_UNREACHABLE_CODE = YES;
				CLANG_WARN__DUPLICATE_METHOD_MATCH = YES;
				COPY_PHASE_STRIP = NO;
				DEBUG_INFORMATION_FORMAT = "dwarf-with-dsym";
				ENABLE_NS_ASSERTIONS = NO;
				ENABLE_STRICT_OBJC_MSGSEND = YES;
				GCC_C_LANGUAGE_STANDARD = gnu11;
				GCC_NO_COMMON_BLOCKS = YES;
				GCC_WARN_64_TO_32_BIT_CONVERSION = YES;
				GCC_WARN_ABOUT_RETURN_TYPE = YES_ERROR;
				GCC_WARN_UNDECLARED_SELECTOR = YES;
				GCC_WARN_UNINITIALIZED_AUTOS = YES_AGGRESSIVE;
				GCC_WARN_UNUSED_FUNCTION = YES;
				GCC_WARN_UNUSED_VARIABLE = YES;
				MACOSX_DEPLOYMENT_TARGET = 10.10;
				MTL_ENABLE_DEBUG_INFO = NO;
				MTL_FAST_MATH = YES;
				SDKROOT = macosx;
			};
			name = Release;
		};
		63E905BC270FB07900102559 /* Debug */ = {
			isa = XCBuildConfiguration;
			buildSettings = {
				ASSETCATALOG_COMPILER_APPICON_NAME = AppIcon;
				ASSETCATALOG_COMPILER_GLOBAL_ACCENT_COLOR_NAME = AccentColor;
				CODE_SIGN_ENTITLEMENTS = Life/Life.entitlements;
				CODE_SIGN_STYLE = Automatic;
				COMBINE_HIDPI_IMAGES = YES;
				DEVELOPMENT_TEAM = H8KMXW4VV4;
				ENABLE_HARDENED_RUNTIME = YES;
				INFOPLIST_FILE = Life/Info.plist;
				LD_RUNPATH_SEARCH_PATHS = (
					"$(inherited)",
					"@executable_path/../Frameworks",
				);
				PRODUCT_BUNDLE_IDENTIFIER = com.jeffmenter.Life;
				PRODUCT_NAME = "$(TARGET_NAME)";
			};
			name = Debug;
		};
		63E905BD270FB07900102559 /* Release */ = {
			isa = XCBuildConfiguration;
			buildSettings = {
				ASSETCATALOG_COMPILER_APPICON_NAME = AppIcon;
				ASSETCATALOG_COMPILER_GLOBAL_ACCENT_COLOR_NAME = AccentColor;
				CODE_SIGN_ENTITLEMENTS = Life/Life.entitlements;
				CODE_SIGN_STYLE = Automatic;
				COMBINE_HIDPI_IMAGES = YES;
				DEVELOPMENT_TEAM = H8KMXW4VV4;
				ENABLE_HARDENED_RUNTIME = YES;
				INFOPLIST_FILE = Life/Info.plist;
				LD_RUNPATH_SEARCH_PATHS = (
					"$(inherited)",
					"@executable_path/../Frameworks",
				);
				PRODUCT_BUNDLE_IDENTIFIER = com.jeffmenter.Life;
				PRODUCT_NAME = "$(TARGET_NAME)";
			};
			name = Release;
		};
/* End XCBuildConfiguration section */

/* Begin XCConfigurationList section */
		63E905A5270FB07200102559 /* Build configuration list for PBXProject "Life" */ = {
			isa = XCConfigurationList;
			buildConfigurations = (
				63E905B9270FB07900102559 /* Debug */,
				63E905BA270FB07900102559 /* Release */,
			);
			defaultConfigurationIsVisible = 0;
			defaultConfigurationName = Release;
		};
		63E905BB270FB07900102559 /* Build configuration list for PBXNativeTarget "Life" */ = {
			isa = XCConfigurationList;
			buildConfigurations = (
				63E905BC270FB07900102559 /* Debug */,
				63E905BD270FB07900102559 /* Release */,
			);
			defaultConfigurationIsVisible = 0;
			defaultConfigurationName = Release;
		};
/* End XCConfigurationList section */
	};
	rootObject = 63E905A2270FB07200102559 /* Project object */;
}
